
Microsoft Visual Studio Solution File, Format Version 12.00
# Visual Studio 15
VisualStudioVersion = 15.0.27428.2043
MinimumVisualStudioVersion = 10.0.40219.1
Project("{FAE04EC0-301F-11D3-BF4B-00C04F79EFBC}") = "MethodStore", "MethodStore\MethodStore.csproj", "{2301F887-5337-4795-BE7B-54F93C42F4CF}"
EndProject
Global
	GlobalSection(SolutionConfigurationPlatforms) = preSolution
		Debug|Any CPU = Debug|Any CPU
		Release|Any CPU = Release|Any CPU
	EndGlobalSection
	GlobalSection(ProjectConfigurationPlatforms) = postSolution
		{2301F887-5337-4795-BE7B-54F93C42F4CF}.Debug|Any CPU.ActiveCfg = Debug|Any CPU
		{2301F887-5337-4795-BE7B-54F93C42F4CF}.Debug|Any CPU.Build.0 = Debug|Any CPU
		{2301F887-5337-4795-BE7B-54F93C42F4CF}.Release|Any CPU.ActiveCfg = Release|Any CPU
		{2301F887-5337-4795-BE7B-54F93C42F4CF}.Release|Any CPU.Build.0 = Release|Any CPU
	EndGlobalSection
	GlobalSection(SolutionProperties) = preSolution
		HideSolutionNode = FALSE
	EndGlobalSection
	GlobalSection(ExtensibilityGlobals) = postSolution
		SolutionGuid = {084E90FC-942F-4AAE-BC65-10A5C66FA205}
	EndGlobalSection
EndGlobal
